
Microsoft Visual Studio Solution File, Format Version 12.00
# Visual Studio Version 16
VisualStudioVersion = 16.0.32002.261
MinimumVisualStudioVersion = 10.0.40219.1
Project("{FAE04EC0-301F-11D3-BF4B-00C04F79EFBC}") = "AS5600PositionSensorUI", "AS5600PositionSensorUI.csproj", "{C5D53AD2-DC63-4704-924E-BC19CE7D7A86}"
EndProject
Global
	GlobalSection(SolutionConfigurationPlatforms) = preSolution
		Debug|Any CPU = Debug|Any CPU
		Release|Any CPU = Release|Any CPU
	EndGlobalSection
	GlobalSection(ProjectConfigurationPlatforms) = postSolution
		{C5D53AD2-DC63-4704-924E-BC19CE7D7A86}.Debug|Any CPU.ActiveCfg = Debug|Any CPU
		{C5D53AD2-DC63-4704-924E-BC19CE7D7A86}.Debug|Any CPU.Build.0 = Debug|Any CPU
		{C5D53AD2-DC63-4704-924E-BC19CE7D7A86}.Release|Any CPU.ActiveCfg = Release|Any CPU
		{C5D53AD2-DC63-4704-924E-BC19CE7D7A86}.Release|Any CPU.Build.0 = Release|Any CPU
	EndGlobalSection
	GlobalSection(SolutionProperties) = preSolution
		HideSolutionNode = FALSE
	EndGlobalSection
	GlobalSection(ExtensibilityGlobals) = postSolution
		SolutionGuid = {6A6A4C9A-4E3C-4F56-81D8-C6E1F153B8F0}
	EndGlobalSection
EndGlobal
